
Microsoft Visual Studio Solution File, Format Version 12.00
# Visual Studio Version 16
VisualStudioVersion = 16.0.30517.126
MinimumVisualStudioVersion = 10.0.40219.1
Project("{FAE04EC0-301F-11D3-BF4B-00C04F79EFBC}") = "AdventOfCode", "AdventOfCode\AdventOfCode.csproj", "{427B4AAE-3E89-4FDB-9D55-F90FC248CF22}"
EndProject
Global
	GlobalSection(SolutionConfigurationPlatforms) = preSolution
		Debug|Any CPU = Debug|Any CPU
		Release|Any CPU = Release|Any CPU
	EndGlobalSection
	GlobalSection(ProjectConfigurationPlatforms) = postSolution
		{427B4AAE-3E89-4FDB-9D55-F90FC248CF22}.Debug|Any CPU.ActiveCfg = Debug|Any CPU
		{427B4AAE-3E89-4FDB-9D55-F90FC248CF22}.Debug|Any CPU.Build.0 = Debug|Any CPU
		{427B4AAE-3E89-4FDB-9D55-F90FC248CF22}.Release|Any CPU.ActiveCfg = Release|Any CPU
		{427B4AAE-3E89-4FDB-9D55-F90FC248CF22}.Release|Any CPU.Build.0 = Release|Any CPU
	EndGlobalSection
	GlobalSection(SolutionProperties) = preSolution
		HideSolutionNode = FALSE
	EndGlobalSection
	GlobalSection(ExtensibilityGlobals) = postSolution
		SolutionGuid = {F91F99A9-A33B-4F59-981C-81A0416FAA42}
	EndGlobalSection
EndGlobal
